
Microsoft Visual Studio Solution File, Format Version 12.00
# Visual Studio Version 17
VisualStudioVersion = 17.0.31912.275
MinimumVisualStudioVersion = 10.0.40219.1
Project("{FAE04EC0-301F-11D3-BF4B-00C04F79EFBC}") = "NZWalks.API", "NZWalks.API\NZWalks.API.csproj", "{0BD6328D-8A14-4400-A0BE-1E9BDD721CDC}"
EndProject
Global
	GlobalSection(SolutionConfigurationPlatforms) = preSolution
		Debug|Any CPU = Debug|Any CPU
		Release|Any CPU = Release|Any CPU
	EndGlobalSection
	GlobalSection(ProjectConfigurationPlatforms) = postSolution
		{0BD6328D-8A14-4400-A0BE-1E9BDD721CDC}.Debug|Any CPU.ActiveCfg = Debug|Any CPU
		{0BD6328D-8A14-4400-A0BE-1E9BDD721CDC}.Debug|Any CPU.Build.0 = Debug|Any CPU
		{0BD6328D-8A14-4400-A0BE-1E9BDD721CDC}.Release|Any CPU.ActiveCfg = Release|Any CPU
		{0BD6328D-8A14-4400-A0BE-1E9BDD721CDC}.Release|Any CPU.Build.0 = Release|Any CPU
	EndGlobalSection
	GlobalSection(SolutionProperties) = preSolution
		HideSolutionNode = FALSE
	EndGlobalSection
	GlobalSection(ExtensibilityGlobals) = postSolution
		SolutionGuid = {4707AB92-1164-4D5B-8CA9-C3C539F230F4}
	EndGlobalSection
EndGlobal
